# Resolved image digests. Generated by scripts/resolve-digests.sh.
#
# Tags are mutable; digests are not. A benchmark run records these so that a
# result can always be traced to the exact bytes that produced it (M-3).
#
# Do not hand-edit. Regenerate after any change to versions.env, and treat an
# unexpected digest change on an unchanged tag as a reason to re-baseline
# rather than to compare across it.
#
# resolved: 2026-08-18

apache/kafka:4.2.1 sha256:9916d60eca5d599550e2c320230808fda342124ba550bb4ac4ea8591803262a0
apachepulsar/pulsar:4.2.4 sha256:cd5d4a64a32c0770d5d2dbb526169a70081605bbec4b59b73471b68d0a451fb4
apache/iceberg-rest-fixture:1.10.1 sha256:f7d679d30ac9c640bdeb2c015dff533cd3c8f1c7d491ebcb5d436f9a42db1d6f
minio/minio:RELEASE.2025-04-22T22-12-26Z sha256:a1ea29fa28355559ef137d71fc570e508a214ec84ff8083e39bc5428980b015e
minio/mc:RELEASE.2025-04-16T18-13-26Z sha256:aead63c77f9db9107f1696fb08ecb0faeda23729cde94b0f663edf4fe09728e3
flink:1.20.5-scala_2.12-java17 sha256:98a3250a97ec10c1b4c50f1e999c79d0a99b00897d8b1f59a45e80a793f92397
spark:3.5.6-python3 sha256:d8a757b4a4a07e3807a072b018be6b10d83370d14a5ae3426847b4674b9b9d54
apache/airflow:3.0.3 sha256:66d35503f78e8c87de2db43f0a3311efd26a5d34584599509a8bd90fb308adc7
postgres:16-alpine sha256:cf78e76683b9ca8c5733cbbdce6c9262b45b6767934dd0a95e671f9a0fc20685
